
Microsoft Visual Studio Solution File, Format Version 12.00
# Visual Studio 15
Project("{FAE04EC0-301F-11D3-BF4B-00C04F79EFBC}") = "A1backend", "A1backend.csproj", "{D94462EB-E827-4899-BFC2-D63D14AFD06C}"
EndProject
Global
	GlobalSection(SolutionConfigurationPlatforms) = preSolution
		Debug|Any CPU = Debug|Any CPU
		Release|Any CPU = Release|Any CPU
	EndGlobalSection
	GlobalSection(ProjectConfigurationPlatforms) = postSolution
		{D94462EB-E827-4899-BFC2-D63D14AFD06C}.Debug|Any CPU.ActiveCfg = Debug|Any CPU
		{D94462EB-E827-4899-BFC2-D63D14AFD06C}.Debug|Any CPU.Build.0 = Debug|Any CPU
		{D94462EB-E827-4899-BFC2-D63D14AFD06C}.Release|Any CPU.ActiveCfg = Release|Any CPU
		{D94462EB-E827-4899-BFC2-D63D14AFD06C}.Release|Any CPU.Build.0 = Release|Any CPU
	EndGlobalSection
EndGlobal
